<?xml version="1.0" encoding="utf-8"?>
<Project ToolsVersion="4.0" xmlns="http://schemas.microsoft.com/developer/msbuild/2003">
  <ItemGroup>
    <Filter Include="src">
      <UniqueIdentifier>{cda78eda-b19b-4d47-8417-c11383d571ff}</UniqueIdentifier>
    </Filter>
    <Filter Include="doc">
      <UniqueIdentifier>{aea669ce-e031-49a9-b131-3c27e8b05da3}</UniqueIdentifier>
    </Filter>
    <Filter Include="src\scripts">
      <UniqueIdentifier>{b88273ec-ba96-4d25-8468-cba413b62836}</UniqueIdentifier>
    </Filter>
    <Filter Include="src\parts">
      <UniqueIdentifier>{2023c03d-ff74-40ae-b0cc-90e22dea73d2}</UniqueIdentifier>
    </Filter>
    <Filter Include="src\parts\ctype-db">
      <UniqueIdentifier>{9271e7b3-35f4-4203-9b6a-92417b141a34}</UniqueIdentifier>
    </Filter>
    <Filter Include="src\parts\optional">
      <UniqueIdentifier>{a345e93d-96a4-4066-aa9e-e59cba3da4ae}</UniqueIdentifier>
    </Filter>
    <Filter Include="src\parts\optional\emitter">
      <UniqueIdentifier>{03246e83-1de2-4fa8-9497-65366594ffe7}</UniqueIdentifier>
    </Filter>
  </ItemGroup>
  <ItemGroup>
    <ClCompile Include="..\src\frontend.c">
      <Filter>src</Filter>
    </ClCompile>
    <ClCompile Include="..\src\parts\string.c">
      <Filter>src\parts</Filter>
    </ClCompile>
    <ClCompile Include="..\src\tpp.c">
      <Filter>src</Filter>
    </ClCompile>
    <ClCompile Include="..\src\parts\ctype.c">
      <Filter>src\parts</Filter>
    </ClCompile>
    <ClCompile Include="..\src\parts\lexer.c">
      <Filter>src\parts</Filter>
    </ClCompile>
    <ClCompile Include="..\src\parts\features.c">
      <Filter>src\parts</Filter>
    </ClCompile>
    <ClCompile Include="..\src\parts\file.c">
      <Filter>src\parts</Filter>
    </ClCompile>
    <ClCompile Include="..\src\parts\file-io.c">
      <Filter>src\parts</Filter>
    </ClCompile>
    <ClCompile Include="..\src\parts\error.c">
      <Filter>src\parts</Filter>
    </ClCompile>
    <ClCompile Include="..\src\parts\macro.c">
      <Filter>src\parts</Filter>
    </ClCompile>
    <ClCompile Include="..\src\parts\keyword.c">
      <Filter>src\parts</Filter>
    </ClCompile>
    <ClCompile Include="..\src\parts\lexer-yieldraw.c">
      <Filter>src\parts</Filter>
    </ClCompile>
    <ClCompile Include="..\src\parts\lexer-yieldpp.c">
      <Filter>src\parts</Filter>
    </ClCompile>
    <ClCompile Include="..\src\parts\token-strtokenid.c">
      <Filter>src\parts</Filter>
    </ClCompile>
    <ClCompile Include="..\src\parts\lexer-decodestring.c">
      <Filter>src\parts</Filter>
    </ClCompile>
    <ClCompile Include="..\src\parts\builtins.c">
      <Filter>src\parts</Filter>
    </ClCompile>
    <ClCompile Include="..\src\parts\lexer-warn.c">
      <Filter>src\parts</Filter>
    </ClCompile>
    <ClCompile Include="..\src\parts\warnings.c">
      <Filter>src\parts</Filter>
    </ClCompile>
    <ClCompile Include="..\src\parts\extensions.c">
      <Filter>src\parts</Filter>
    </ClCompile>
    <ClCompile Include="..\src\parts\token-reprtokenid.c">
      <Filter>src\parts</Filter>
    </ClCompile>
    <ClCompile Include="..\src\parts\lexer-seek-rparen.c">
      <Filter>src\parts</Filter>
    </ClCompile>
    <ClCompile Include="..\src\parts\token-encodestring.c">
      <Filter>src\parts</Filter>
    </ClCompile>
    <ClCompile Include="..\src\parts\lexer-pp-define.c">
      <Filter>src\parts</Filter>
    </ClCompile>
    <ClCompile Include="..\src\parts\lexer-pp-pragma.c">
      <Filter>src\parts</Filter>
    </ClCompile>
    <ClCompile Include="..\src\parts\lexer-yield-macro.c">
      <Filter>src\parts</Filter>
    </ClCompile>
    <ClCompile Include="..\src\parts\lexer-skipraw.c">
      <Filter>src\parts</Filter>
    </ClCompile>
    <ClCompile Include="..\src\parts\lexer-yield.c">
      <Filter>src\parts</Filter>
    </ClCompile>
    <ClCompile Include="..\src\parts\lexer-parseexpr.c">
      <Filter>src\parts</Filter>
    </ClCompile>
    <ClCompile Include="..\src\parts\lexer-decodeint.c">
      <Filter>src\parts</Filter>
    </ClCompile>
    <ClCompile Include="..\src\parts\expr.c">
      <Filter>src\parts</Filter>
    </ClCompile>
    <ClCompile Include="..\src\parts\lexer-yield-include.c">
      <Filter>src\parts</Filter>
    </ClCompile>
    <ClCompile Include="..\src\parts\sysinclude.c">
      <Filter>src\parts</Filter>
    </ClCompile>
    <ClCompile Include="..\src\parts\lexer-dump.c">
      <Filter>src\parts</Filter>
    </ClCompile>
    <ClCompile Include="..\src\parts\ctype-unicode.c">
      <Filter>src\parts</Filter>
    </ClCompile>
    <ClCompile Include="..\src\parts\lexer-skip.c">
      <Filter>src\parts</Filter>
    </ClCompile>
    <ClCompile Include="..\src\parts\ctype-xml.c">
      <Filter>src\parts</Filter>
    </ClCompile>
    <ClCompile Include="..\src\parts\ctype-names.c">
      <Filter>src\parts</Filter>
    </ClCompile>
    <ClCompile Include="..\src\parts\ctype-decode-named.c">
      <Filter>src\parts</Filter>
    </ClCompile>
    <ClCompile Include="..\src\parts\lexer-require-whitespace.c">
      <Filter>src\parts</Filter>
    </ClCompile>
    <ClCompile Include="..\src\parts\preparse.c">
      <Filter>src\parts</Filter>
    </ClCompile>
    <ClCompile Include="..\src\parts\lexer-parseembed.c">
      <Filter>src\parts</Filter>
    </ClCompile>
    <ClCompile Include="..\src\parts\cli.c">
      <Filter>src\parts</Filter>
    </ClCompile>
    <ClCompile Include="..\src\parts\optional\emitter\emitter.c">
      <Filter>src\parts\optional\emitter</Filter>
    </ClCompile>
    <ClCompile Include="..\src\tpp-emitter.c">
      <Filter>src</Filter>
    </ClCompile>
    <ClCompile Include="..\src\parts\optional\emitter\emitter-features.c">
      <Filter>src\parts\optional\emitter</Filter>
    </ClCompile>
  </ItemGroup>
  <ItemGroup>
    <ClInclude Include="..\src\tpp.h">
      <Filter>src</Filter>
    </ClInclude>
    <ClInclude Include="..\src\parts\config.h">
      <Filter>src\parts</Filter>
    </ClInclude>
    <ClInclude Include="..\src\parts\token.h">
      <Filter>src\parts</Filter>
    </ClInclude>
    <ClInclude Include="..\src\parts\defs.h">
      <Filter>src\parts</Filter>
    </ClInclude>
    <ClInclude Include="..\src\parts\api.h">
      <Filter>src\parts</Filter>
    </ClInclude>
    <ClInclude Include="..\src\parts\keyword.h">
      <Filter>src\parts</Filter>
    </ClInclude>
    <ClInclude Include="..\src\parts\string.h">
      <Filter>src\parts</Filter>
    </ClInclude>
    <ClInclude Include="..\src\parts\error.h">
      <Filter>src\parts</Filter>
    </ClInclude>
    <ClInclude Include="..\src\parts\file.h">
      <Filter>src\parts</Filter>
    </ClInclude>
    <ClInclude Include="..\src\parts\file-io.h">
      <Filter>src\parts</Filter>
    </ClInclude>
    <ClInclude Include="..\src\parts\macro.h">
      <Filter>src\parts</Filter>
    </ClInclude>
    <ClInclude Include="..\src\parts\ctype.h">
      <Filter>src\parts</Filter>
    </ClInclude>
    <ClInclude Include="..\src\parts\lexer.h">
      <Filter>src\parts</Filter>
    </ClInclude>
    <ClInclude Include="..\src\parts\features.h">
      <Filter>src\parts</Filter>
    </ClInclude>
    <ClInclude Include="..\src\parts\tuple.h">
      <Filter>src\parts</Filter>
    </ClInclude>
    <ClInclude Include="..\src\parts\warnings.h">
      <Filter>src\parts</Filter>
    </ClInclude>
    <ClInclude Include="..\src\parts\extensions.h">
      <Filter>src\parts</Filter>
    </ClInclude>
    <ClInclude Include="..\src\tpp2.h">
      <Filter>src</Filter>
    </ClInclude>
    <ClInclude Include="..\src\parts\expr.h">
      <Filter>src\parts</Filter>
    </ClInclude>
    <ClInclude Include="..\src\parts\time.h">
      <Filter>src\parts</Filter>
    </ClInclude>
    <ClInclude Include="..\src\parts\expose-internals.h">
      <Filter>src\parts</Filter>
    </ClInclude>
    <ClInclude Include="..\src\parts\sysinclude.h">
      <Filter>src\parts</Filter>
    </ClInclude>
    <ClInclude Include="..\src\parts\hooks.h">
      <Filter>src\parts</Filter>
    </ClInclude>
    <ClInclude Include="..\src\parts\ctype-names.h">
      <Filter>src\parts</Filter>
    </ClInclude>
    <ClInclude Include="..\src\parts\preparse.h">
      <Filter>src\parts</Filter>
    </ClInclude>
    <ClInclude Include="..\src\parts\token-aliases.h">
      <Filter>src\parts</Filter>
    </ClInclude>
    <ClInclude Include="..\src\parts\cli.h">
      <Filter>src\parts</Filter>
    </ClInclude>
    <ClInclude Include="..\src\parts\optional\emitter\config.h">
      <Filter>src\parts\optional\emitter</Filter>
    </ClInclude>
    <ClInclude Include="..\src\parts\optional\emitter\emitter.h">
      <Filter>src\parts\optional\emitter</Filter>
    </ClInclude>
    <ClInclude Include="..\src\tpp-emitter.h">
      <Filter>src</Filter>
    </ClInclude>
    <ClInclude Include="..\src\parts\optional\emitter\api.h">
      <Filter>src\parts\optional\emitter</Filter>
    </ClInclude>
    <ClInclude Include="..\src\parts\optional\emitter\expose-internals.h">
      <Filter>src\parts\optional\emitter</Filter>
    </ClInclude>
    <ClInclude Include="..\src\parts\optional\emitter\emitter-features.h">
      <Filter>src\parts\optional\emitter</Filter>
    </ClInclude>
  </ItemGroup>
  <ItemGroup>
    <None Include="..\cpp.hint" />
    <None Include="..\README.md" />
    <None Include="..\LICENSE" />
    <None Include="..\CONTRIBUTING.md" />
    <None Include="..\.clang-format" />
    <None Include="..\.gitattributes" />
    <None Include="..\.gitignore" />
    <None Include="..\doc\config-core.md">
      <Filter>doc</Filter>
    </None>
    <None Include="..\doc\config-hook.md">
      <Filter>doc</Filter>
    </None>
    <None Include="..\doc\config-limit.md">
      <Filter>doc</Filter>
    </None>
    <None Include="..\doc\config-token.md">
      <Filter>doc</Filter>
    </None>
    <None Include="..\doc\config-value.md">
      <Filter>doc</Filter>
    </None>
    <None Include="..\doc\config-warn.md">
      <Filter>doc</Filter>
    </None>
    <None Include="..\doc\config.md">
      <Filter>doc</Filter>
    </None>
    <None Include="..\doc\config-common.md">
      <Filter>doc</Filter>
    </None>
    <None Include="..\doc\config-conf.md">
      <Filter>doc</Filter>
    </None>
    <None Include="..\src\Makefile">
      <Filter>src</Filter>
    </None>
    <None Include="..\src\parts\config.dee">
      <Filter>src\parts</Filter>
    </None>
    <None Include="..\src\parts\ctype-db\Makefile">
      <Filter>src\parts\ctype-db</Filter>
    </None>
    <None Include="..\src\parts\ctype-db\.gitignore">
      <Filter>src\parts\ctype-db</Filter>
    </None>
    <None Include="..\src\parts\token-encodestring-mblf.dee">
      <Filter>src\parts</Filter>
    </None>
    <None Include="..\src\makecache.py">
      <Filter>src</Filter>
    </None>
    <None Include="..\src\parts\ctype-db\ctype-xml.dee">
      <Filter>src\parts\ctype-db</Filter>
    </None>
    <None Include="..\src\parts\ctype-db\ctype-unicode.dee">
      <Filter>src\parts\ctype-db</Filter>
    </None>
    <None Include="..\src\parts\ctype-db\ctype-names.dee">
      <Filter>src\parts\ctype-db</Filter>
    </None>
    <None Include="..\src\scripts\make-amalgamation.dee">
      <Filter>src\scripts</Filter>
    </None>
    <None Include="..\src\scripts\make-config-doc.dee">
      <Filter>src\scripts</Filter>
    </None>
    <None Include="..\src\scripts\Makefile.autoformat.dee">
      <Filter>src\scripts</Filter>
    </None>
  </ItemGroup>
</Project>